<?xml version="1.0" encoding="UTF-8"?>
<CONFIG>
  <ProjectOptions>
    <Version Value="10"/>
    <PathDelim Value="\"/>
    <General>
      <MainUnit Value="0"/>
      <ResourceType Value="res"/>
      <UseXPManifest Value="True"/>
      <Icon Value="0"/>
    </General>
    <VersionInfo>
      <Language Value=""/>
      <CharSet Value=""/>
    </VersionInfo>
    <BuildModes Count="1">
      <Item1 Name="default" Default="True"/>
    </BuildModes>
    <PublishOptions>
      <Version Value="2"/>
      <IgnoreBinaries Value="False"/>
      <IncludeFileFilter Value="*.(pas|pp|inc|lfm|lpr|lrs|lpi|lpk|sh|xml)"/>
      <ExcludeFileFilter Value="*.(bak|ppu|ppw|o|so);*~;backup"/>
    </PublishOptions>
    <RunParams>
      <local>
        <FormatVersion Value="1"/>
        <LaunchingApplication PathPlusParams="\usr\X11R6\bin\xterm -T 'Lazarus Run Output' -e $(LazarusDir)\tools\runwait.sh $(TargetCmdLine)"/>
      </local>
    </RunParams>
    <RequiredPackages Count="3">
      <Item1>
        <PackageName Value="FCL"/>
      </Item1>
      <Item2>
        <PackageName Value="zcomponent"/>
      </Item2>
      <Item3>
        <PackageName Value="LCL"/>
      </Item3>
    </RequiredPackages>
    <Units Count="8">
      <Unit0>
        <Filename Value="xml.lpr"/>
        <IsPartOfProject Value="True"/>
        <UsageCount Value="42"/>
      </Unit0>
      <Unit1>
        <Filename Value="u_xml.pas"/>
        <IsPartOfProject Value="True"/>
        <ComponentName Value="frmXml"/>
        <HasResources Value="True"/>
        <ResourceBaseClass Value="Form"/>
        <IsVisibleTab Value="True"/>
        <TopLine Value="110"/>
        <CursorPos X="3" Y="115"/>
        <UsageCount Value="42"/>
        <Loaded Value="True"/>
        <LoadedDesigner Value="True"/>
      </Unit1>
      <Unit2>
        <Filename Value="C:\lazarus\fpc\2.4.1\source\packages\fcl-xml\src\dom.pp"/>
        <UnitName Value="DOM"/>
        <EditorIndex Value="-1"/>
        <TopLine Value="208"/>
        <CursorPos X="45" Y="200"/>
        <UsageCount Value="15"/>
      </Unit2>
      <Unit3>
        <Filename Value="C:\lazarus\fpc\2.4.1\source\packages\fcl-xml\src\xmlutils.pp"/>
        <TopLine Value="13"/>
        <UsageCount Value="10"/>
      </Unit3>
      <Unit4>
        <Filename Value="C:\lazarus\fpc\2.4.1\source\packages\fcl-xml\src\xmlread.pp"/>
        <UnitName Value="XMLRead"/>
        <TopLine Value="178"/>
        <UsageCount Value="10"/>
      </Unit4>
      <Unit5>
        <Filename Value="..\..\Área de Trabalho\projeto_adagê\treeview to xml or\unit1.pas"/>
        <UnitName Value="Unit1"/>
        <EditorIndex Value="-1"/>
        <WindowIndex Value="-1"/>
        <TopLine Value="39"/>
        <CursorPos Y="46"/>
        <UsageCount Value="10"/>
      </Unit5>
      <Unit6>
        <Filename Value="u_xml.lfm"/>
        <EditorIndex Value="-1"/>
        <CursorPos X="54" Y="9"/>
        <UsageCount Value="12"/>
        <DefaultSyntaxHighlighter Value="LFM"/>
      </Unit6>
      <Unit7>
        <Filename Value="..\..\..\AppData\Local\Temp\Rar$DIa1144.27344\u_xml.pas"/>
        <EditorIndex Value="-1"/>
        <TopLine Value="39"/>
        <CursorPos Y="40"/>
        <UsageCount Value="11"/>
      </Unit7>
    </Units>
    <JumpHistory Count="30" HistoryIndex="29">
      <Position1>
        <Filename Value="u_xml.pas"/>
        <Caret Line="121" Column="15" TopLine="121"/>
      </Position1>
      <Position2>
        <Filename Value="u_xml.pas"/>
        <Caret Line="116" Column="47" TopLine="99"/>
      </Position2>
      <Position3>
        <Filename Value="u_xml.pas"/>
        <Caret Line="115" Column="47" TopLine="98"/>
      </Position3>
      <Position4>
        <Filename Value="u_xml.pas"/>
        <Caret Line="123" Column="20" TopLine="98"/>
      </Position4>
      <Position5>
        <Filename Value="u_xml.pas"/>
        <Caret Line="111" Column="58" TopLine="100"/>
      </Position5>
      <Position6>
        <Filename Value="u_xml.pas"/>
        <Caret Line="113" Column="58" TopLine="102"/>
      </Position6>
      <Position7>
        <Filename Value="u_xml.pas"/>
        <Caret Line="112" Column="58" TopLine="101"/>
      </Position7>
      <Position8>
        <Filename Value="u_xml.pas"/>
        <Caret Line="113" Column="58" TopLine="102"/>
      </Position8>
      <Position9>
        <Filename Value="u_xml.pas"/>
        <Caret Line="112" Column="58" TopLine="101"/>
      </Position9>
      <Position10>
        <Filename Value="u_xml.pas"/>
        <Caret Line="113" Column="58" TopLine="102"/>
      </Position10>
      <Position11>
        <Filename Value="u_xml.pas"/>
        <Caret Line="112" Column="58" TopLine="101"/>
      </Position11>
      <Position12>
        <Filename Value="u_xml.pas"/>
        <Caret Line="113" Column="58" TopLine="102"/>
      </Position12>
      <Position13>
        <Filename Value="u_xml.pas"/>
        <Caret Line="112" Column="58" TopLine="101"/>
      </Position13>
      <Position14>
        <Filename Value="u_xml.pas"/>
        <Caret Line="113" Column="58" TopLine="102"/>
      </Position14>
      <Position15>
        <Filename Value="u_xml.pas"/>
        <Caret Line="112" Column="58" TopLine="101"/>
      </Position15>
      <Position16>
        <Filename Value="u_xml.pas"/>
        <Caret Line="113" Column="58" TopLine="102"/>
      </Position16>
      <Position17>
        <Filename Value="u_xml.pas"/>
        <Caret Line="112" Column="58" TopLine="101"/>
      </Position17>
      <Position18>
        <Filename Value="u_xml.pas"/>
        <Caret Line="115" Column="68" TopLine="92"/>
      </Position18>
      <Position19>
        <Filename Value="u_xml.pas"/>
        <Caret Line="116" Column="68" TopLine="93"/>
      </Position19>
      <Position20>
        <Filename Value="u_xml.pas"/>
        <Caret Line="115" Column="68" TopLine="92"/>
      </Position20>
      <Position21>
        <Filename Value="u_xml.pas"/>
        <Caret Line="116" Column="68" TopLine="93"/>
      </Position21>
      <Position22>
        <Filename Value="u_xml.pas"/>
        <Caret Line="115" Column="68" TopLine="92"/>
      </Position22>
      <Position23>
        <Filename Value="u_xml.pas"/>
        <Caret Line="116" Column="68" TopLine="93"/>
      </Position23>
      <Position24>
        <Filename Value="u_xml.pas"/>
        <Caret Line="115" Column="68" TopLine="92"/>
      </Position24>
      <Position25>
        <Filename Value="u_xml.pas"/>
        <Caret Line="116" Column="68" TopLine="93"/>
      </Position25>
      <Position26>
        <Filename Value="u_xml.pas"/>
        <Caret Line="117" Column="68" TopLine="94"/>
      </Position26>
      <Position27>
        <Filename Value="u_xml.pas"/>
        <Caret Line="116" Column="68" TopLine="93"/>
      </Position27>
      <Position28>
        <Filename Value="u_xml.pas"/>
        <Caret Line="127" Column="7" TopLine="116"/>
      </Position28>
      <Position29>
        <Filename Value="u_xml.pas"/>
        <Caret Line="126" Column="7" TopLine="115"/>
      </Position29>
      <Position30>
        <Filename Value="u_xml.pas"/>
        <Caret Line="127" Column="34" TopLine="116"/>
      </Position30>
    </JumpHistory>
  </ProjectOptions>
  <CompilerOptions>
    <Version Value="11"/>
    <PathDelim Value="\"/>
    <Target>
      <Filename Value="xml"/>
    </Target>
    <SearchPaths>
      <IncludeFiles Value="$(ProjOutDir)"/>
      <UnitOutputDirectory Value="lib\$(TargetCPU)-$(TargetOS)"/>
    </SearchPaths>
    <Linking>
      <Debugging>
        <GenerateDebugInfo Value="False"/>
        <UseLineInfoUnit Value="False"/>
        <StripSymbols Value="True"/>
      </Debugging>
      <Options>
        <Win32>
          <GraphicApplication Value="True"/>
        </Win32>
      </Options>
    </Linking>
  </CompilerOptions>
  <Debugging>
    <Exceptions Count="3">
      <Item1>
        <Name Value="EAbort"/>
      </Item1>
      <Item2>
        <Name Value="ECodetoolError"/>
      </Item2>
      <Item3>
        <Name Value="EFOpenError"/>
      </Item3>
    </Exceptions>
  </Debugging>
</CONFIG>
